
Microsoft Visual Studio Solution File, Format Version 12.00
# Visual Studio 2013
VisualStudioVersion = 12.0.40629.0
MinimumVisualStudioVersion = 10.0.40219.1
Project("{FAE04EC0-301F-11D3-BF4B-00C04F79EFBC}") = "MediaReach", "MediaReach\MediaReach.csproj", "{68609855-6C32-4580-BBE6-ADEBDE08CF50}"
EndProject
Project("{FAE04EC0-301F-11D3-BF4B-00C04F79EFBC}") = "DataFactoryMr", "DataFactoryMr\DataFactoryMr.csproj", "{7A0F29B9-6CAB-411F-B82E-9DE54D474E32}"
EndProject
Global
	GlobalSection(SolutionConfigurationPlatforms) = preSolution
		Debug|Any CPU = Debug|Any CPU
		Release|Any CPU = Release|Any CPU
	EndGlobalSection
	GlobalSection(ProjectConfigurationPlatforms) = postSolution
		{68609855-6C32-4580-BBE6-ADEBDE08CF50}.Debug|Any CPU.ActiveCfg = Debug|Any CPU
		{68609855-6C32-4580-BBE6-ADEBDE08CF50}.Debug|Any CPU.Build.0 = Debug|Any CPU
		{68609855-6C32-4580-BBE6-ADEBDE08CF50}.Release|Any CPU.ActiveCfg = Release|Any CPU
		{68609855-6C32-4580-BBE6-ADEBDE08CF50}.Release|Any CPU.Build.0 = Release|Any CPU
		{7A0F29B9-6CAB-411F-B82E-9DE54D474E32}.Debug|Any CPU.ActiveCfg = Debug|Any CPU
		{7A0F29B9-6CAB-411F-B82E-9DE54D474E32}.Debug|Any CPU.Build.0 = Debug|Any CPU
		{7A0F29B9-6CAB-411F-B82E-9DE54D474E32}.Release|Any CPU.ActiveCfg = Release|Any CPU
		{7A0F29B9-6CAB-411F-B82E-9DE54D474E32}.Release|Any CPU.Build.0 = Release|Any CPU
	EndGlobalSection
	GlobalSection(SolutionProperties) = preSolution
		HideSolutionNode = FALSE
	EndGlobalSection
EndGlobal
